git.sr.ht/~jackmordaunt/go-toast/v2 v2.0.3 h1:N3IGoHHp9pb6mj1cbXbuaSXV/UMKwmbKLf53nQmtqMA=
git.sr.ht/~jackmordaunt/go-toast/v2 v2.0.3/go.mod h1:QtOLZGz8olr4qH2vWK0QH0w0O4T9fEIjMuWpKUsH7nc=
github.com/bep/debounce v1.2.1 h1:v67fRdBA9UQu2NhLFXrSg0Brw7CexQekrBwDMM8bzeY=
github.com/bep/debounce v1.2.1/go.mod h1:H8yggRPQKLUhUoqrJC1bO2xNya7vanpDl7xR3ISbCJ0=
github.com/davecgh/go-spew v1.1.1 h1:vj9j/u1bqnvCEfJOwUhtlOARqs3+rkHYY13jYWTU97c=
github.com/davecgh/go-spew v1.1.1/go.mod h1:J7Y8YcW2NihsgmVo/mv3lAwl/skON4iLHjSsI+c5H38=
github.com/dustin/go-humanize v1.0.1 h1:GzkhY7T5VNhEkwH0PVJgjz+fX1rhBrR7pRT3mDkpeCY=
github.com/dustin/go-humanize v1.0.1/go.mod h1:Mu1zExofEC9mBrKYyog/Wa+9dAgKkieXOqmZaOUd0bY=
github.com/go-ole/go-ole v1.3.0 h1:Dt6ye7+vXGIKZ7Xtk4s6/xVdGDQynvom7xCFEdWr6uE=
github.com/go-ole/go-ole v1.3.0/go.mod h1:D56dMScJvLeyAxcyHZp7+TFKT8a9ys6/dQ5tRbylVQ=
github.com/godbus/dbus/v5 v5.1.0 h1:4KLkAxT3aOY8Li4FRJe/KvhoNFCDdQ2R0e4ZxxQ3MOY=
github.com/godbus/dbus/v5 v5.1.0/go.mod h1:xhWf0FNVPg57R7Z0UbKHbJfkEywrmjJnf7w5xrFpKfA=
github.com/google/uuid v1.6.0 h1:NIvaJDMOsjHA8n1jAhLSgzrAzy1Hgr+hNrb57e+94F0=
github.com/google/uuid v1.6.0/go.mod h1:TIyPZe4MgqvfeYDBFedMoGGpEw/LqOeaOT+nhxU+yHo=
github.com/gorilla/websocket v1.5.3 h1:saDtZ6Pbx/0u+bgYQ3qEf/R7HWSjgo8NwJ3glYic0=
github.com/gorilla/websocket v1.5.3/go.mod h1:YR8l580nyteWSj/9/rPQoh=
github.com/jchv/go-winloader v0.0.0-20210711035445-715c2860da7e h1:Q3+PugElBCf4PFpxhErllQ4/qgIr+k3I6S7nEYAgn8=
github.com/jchv/go-winloader v0.0.0-20210711035445-715c2860da7e/go.mod h1:alcuEEnZsY1WQwagXhZbo0=
github.com/labstack/echo/v4 v4.13.3 h1:pyl6sySRfdmj0zfVm6d2AHmR9n5YxQ0g1A=
github.com/labstack/echo/v4 v4.13.3/go.mod h1:=
github.com/labstack/gommon v0.4.2 h1:F8qTUNXg=
github.com/labstack/gommon v0.4.2/go.mod h1:=
github.com/leaanthony/go-ansi-parser v1.6.1 h1:=
github.com/leaanthony/go-ansi-parser v1.6.1/go.mod h1:=
github.com/leaanthony/gosod v1.0.4 h1:=
github.com/leaanthony/gosod v1.0.4/go.mod h1:=
github.com/leaanthony/slicer v1.6.0 h1:=
github.com/leaanthony/slicer v1.6.0/go.mod h1:=
github.com/leaanthony/u v1.1.1 h1:=
github.com/leaanthony/u v1.1.1/go.mod h1:=
github.com/mattn/go-colorable v0.1.13 h1:=
github.com/mattn/go-colorable v0.1.13/go.mod h1:=
github.com/mattn/go-isatty v0.0.20 h1:=
github.com/mattn/go-isatty v0.0.20/go.mod h1:=
github.com/ncruces/go-strftime v0.1.9 h1:=
github.com/ncruces/go-strftime v0.1.9/go.mod h1:=
github.com/pkg/browser v0.0.0-20240102092130-5ac0b6a4141c h1:=
github.com/pkg/browser v0.0.0-20240102092130-5ac0b6a4141c/go.mod h1:=
github.com/pkg/errors v0.9.1 h1:=
github.com/pkg/errors v0.9.1/go.mod h1:=
github.com/pmezard/go-difflib v1.0.0 h1:=
github.com/pmezard/go-difflib v1.0.0/go.mod h1:=
github.com/remyoudompheng/bigfft v0.0.0-20230129092748-24d4a6f8daec h1:=
github.com/remyoudompheng/bigfft v0.0.0-20230129092748-24d4a6f8daec/go.mod h1:=
github.com/rivo/uniseg v0.4.7 h1:=
github.com/rivo/uniseg v0.4.7/go.mod h1:=
github.com/samber/lo v1.49.1 h1:=
github.com/samber/lo v1.49.1/go.mod h1:=
github.com/stretchr/testify v1.11.1 h1:=
github.com/stretchr/testify v1.11.1/go.mod h1:=
github.com/tkrajina/go-reflector v0.5.8 h1:=
github.com/tkrajina/go-reflector v0.5.8/go.mod h1:=
github.com/valyala/bytebufferpool v1.0.0 h1:=
github.com/valyala/bytebufferpool v1.0.0/go.mod h1:=
github.com/valyala/fasttemplate v1.2.2 h1:=
github.com/valyala/fasttemplate v1.2.2/go.mod h1:=
github.com/wailsapp/go-webview2 v1.0.22 h1:=
github.com/wailsapp/go-webview2 v1.0.22/go.mod h1:=
github.com/wailsapp/mimetype v1.4.1 h1:=
github.com/wailsapp/mimetype v1.4.1/go.mod h1:=
github.com/wailsapp/wails/v2 v2.15.0 h1:=
github.com/wailsapp/wails/v2 v2.15.0/go.mod h1:=
golang.org/x/crypto v0.53.0 h1:=
golang.org/x/crypto v0.53.0/go.mod h1:=
golang.org/x/net v0.56.0 h1:=
golang.org/x/net v0.56.0/go.mod h1:=
golang.org/x/sys v0.46.0 h1:=
golang.org/x/sys v0.46.0/go.mod h1:=
golang.org/x/text v0.39.0 h1:=
golang.org/x/text v0.39.0/go.mod h1:=
gopkg.in/yaml.v3 v3.0.1 h1:=
gopkg.in/yaml.v3 v3.0.1/go.mod h1:=
modernc.org/libc v1.55.3 h1:=
modernc.org/libc v1.55.3/go.mod h1:=
modernc.org/mathutil v1.6.0 h1:=
modernc.org/mathutil v1.6.0/go.mod h1:=
modernc.org/memory v1.8.0 h1:=
modernc.org/memory v1.8.0/go.mod h1:=
modernc.org/sqlite v1.34.5 h1:=
modernc.org/sqlite v1.34.5/go.mod h1:=
modernc.org/strutil v1.2.0 h1:agBi9dp1I+eOnxXeiZawM8F4LawKv4NzGWSaLfyeNZA=
modernc.org/strutil v1.2.0/go.mod h1:/mdcBmfOibveCTBxUl5B5l6W+TTH1FXPLHZE6bTosX0=
modernc.org/token v1.1.0 h1:Xl7Ap9dKaEs5kLoOQeQmPWevfnk/DM5qcLcYlA8ys6Y=
modernc.org/token v1.1.0/go.mod h1:UGzOrNV1mAFSEB63lOFHIpNRUVMvYTc6yu1SMY/XTDM=
